{
  "requires": true,
  "lockfileVersion": 1,
  "dependencies": {
    "@jscad/amf-deserializer": {
      "version": "0.2.3",
      "resolved": "https://registry.npmjs.org/@jscad/amf-deserializer/-/amf-deserializer-0.2.3.tgz",
      "integrity": "sha512-zf7grKFqvDZg5i2P5+/bg347Ci71JmJYVWMco+pTJQjJoH2nnNUbhjWh7jhhSQDWpaPyZ3RuLvbtSfCOkGcNYg==",
      "requires": {
        "@jscad/csg": "^0.7.0",
        "sax": "^1.2.1"
      }
    },
    "@jscad/amf-serializer": {
      "version": "0.1.2",
      "resolved": "https://registry.npmjs.org/@jscad/amf-serializer/-/amf-serializer-0.1.2.tgz",
      "integrity": "sha512-Pvw2ErU5G3tRI2s/e9+6446AFm5bPGVdNMYq55vaLk7tVHYSAQuOkOMbt3Ye1GjNbO7+XkNvKGhw2MbAs9rdoA==",
      "requires": {
        "@jscad/io-utils": "^0.1.3",
        "sax": "^1.2.1",
        "xmldom": "^0.1.27"
      }
    },
    "@jscad/cli": {
      "version": "1.10.0",
      "resolved": "https://registry.npmjs.org/@jscad/cli/-/cli-1.10.0.tgz",
      "integrity": "sha512-TCVedt7Pe4RMnoPhXb3vC4XiE0h5gkH6YRcO/kC8gqGKoAZlqL9CSxEZjW5WPGJ3kwAvlKWwfo0/xelGiCvJgg==",
      "requires": {
        "@jscad/core": "^0.4.0",
        "@jscad/csg": "0.7.0",
        "@jscad/examples": "^1.7.2",
        "@jscad/io": "0.4.7",
        "@jscad/openscad-openjscad-translator": "0.0.11"
      }
    },
    "@jscad/core": {
      "version": "0.4.0",
      "resolved": "https://registry.npmjs.org/@jscad/core/-/core-0.4.0.tgz",
      "integrity": "sha512-Bufnvi6J9SthrrYIcV6VIgMcU3f5ye89fV3nJA2xpCqLi8Svyg12WN6STYUz8pnDAasw7cZClzIpQP9uMJQZOw==",
      "requires": {
        "@jscad/csg": "0.7.0",
        "@jscad/io": "0.4.7",
        "@jscad/openscad-openjscad-translator": "0.0.11",
        "astring": "^1.3.1",
        "esprima": "^3.1.3",
        "estraverse": "^4.2.0",
        "require-from-string": "^2.0.1",
        "strip-bom": "^3.0.0",
        "webworkify": "^1.4.0"
      }
    },
    "@jscad/csg": {
      "version": "0.7.0",
      "resolved": "https://registry.npmjs.org/@jscad/csg/-/csg-0.7.0.tgz",
      "integrity": "sha512-v91oCgmGq2h8TJsxSv8EdcEzf+3K/U6JVPrprHqhU7+dfjfD/Nezz/AHKNZFQxQ++k/8xMpwZWt22MgDqygiVA=="
    },
    "@jscad/dxf-deserializer": {
      "version": "0.1.3",
      "resolved": "https://registry.npmjs.org/@jscad/dxf-deserializer/-/dxf-deserializer-0.1.3.tgz",
      "integrity": "sha512-rk9A2WpOlov4TsXdgVi98Zguwa+R1F+p4G6a5SSGiq1GfhNnah/FO1eybY9kZNSHhuckHK/ziSs8NgL96/p0iw==",
      "requires": {
        "@jscad/csg": "^0.7.0"
      }
    },
    "@jscad/dxf-serializer": {
      "version": "0.2.5",
      "resolved": "https://registry.npmjs.org/@jscad/dxf-serializer/-/dxf-serializer-0.2.5.tgz",
      "integrity": "sha512-kh77mLyZECCSgjSTs3PCnnFncuHAR66dOpvx0v9Ct221nfmWYz6bqy66sH/Uy9MEwzZicIOIiashN59bginC6g==",
      "requires": {
        "@jscad/csg": "^0.7.0",
        "@jscad/io-utils": "^0.1.3"
      }
    },
    "@jscad/examples": {
      "version": "1.7.2",
      "resolved": "https://registry.npmjs.org/@jscad/examples/-/examples-1.7.2.tgz",
      "integrity": "sha512-WbZwU+KV2XMMZ99gJEyX8CmE8k6QM2JwXXsvcUCFiC6V0LOE7k6zXVuH6fTPy1VJa54U3m9dzlGVcP1XzZ0Rag=="
    },
    "@jscad/gcode-deserializer": {
      "version": "0.2.1",
      "resolved": "https://registry.npmjs.org/@jscad/gcode-deserializer/-/gcode-deserializer-0.2.1.tgz",
      "integrity": "sha512-Gn5emOcE6cjRdaSlzcDDYe/5spSXNG6FlnoXGX5ciIo04UHJjYvJN6i9YRRCiypX3rFvxfR84LaST2PxIbrsQw=="
    },
    "@jscad/io": {
      "version": "0.4.7",
      "resolved": "https://registry.npmjs.org/@jscad/io/-/io-0.4.7.tgz",
      "integrity": "sha512-D4yuBDppfVNNYSQpm6D+Vgn80aTIF7K64i6aCPrjl5AQYX8oRKdgm5biRZU/RDg1pxkSUs5s/vfOmU/86U8SFQ==",
      "requires": {
        "@jscad/amf-deserializer": "^0.2.1",
        "@jscad/amf-serializer": "^0.1.2",
        "@jscad/dxf-deserializer": "^0.1.1",
        "@jscad/dxf-serializer": "^0.2.4",
        "@jscad/gcode-deserializer": "^0.2.0",
        "@jscad/io-utils": "^0.1.3",
        "@jscad/json-deserializer": "^0.1.2",
        "@jscad/json-serializer": "^0.1.2",
        "@jscad/obj-deserializer": "^0.2.1",
        "@jscad/stl-deserializer": "^0.3.2",
        "@jscad/stl-serializer": "^0.1.3",
        "@jscad/svg-deserializer": "^0.4.2",
        "@jscad/svg-serializer": "^0.1.3",
        "@jscad/x3d-serializer": "^0.1.2"
      }
    },
    "@jscad/io-utils": {
      "version": "0.1.3",
      "resolved": "https://registry.npmjs.org/@jscad/io-utils/-/io-utils-0.1.3.tgz",
      "integrity": "sha512-aCVUZovewI4njtEJ1fvjhasqd8EHIzQaPb88MtFWf/ff1NdGOu/vRH3yGG8vu0NZektGEDCKp028g2nTBL7aFg=="
    },
    "@jscad/json-deserializer": {
      "version": "0.1.3",
      "resolved": "https://registry.npmjs.org/@jscad/json-deserializer/-/json-deserializer-0.1.3.tgz",
      "integrity": "sha512-8zvtCqfYL7nBFJ8fj9Oqo5VuplzU9kupUJBjumkYTEvUUkr63Nv0U7slse0Tu8ZkpYc2rjbpBBZHXosCchicsQ==",
      "requires": {
        "@jscad/csg": "0.7.0"
      }
    },
    "@jscad/json-serializer": {
      "version": "0.1.2",
      "resolved": "https://registry.npmjs.org/@jscad/json-serializer/-/json-serializer-0.1.2.tgz",
      "integrity": "sha512-fptGLXaeK56AYWWcfXDaiXCjZm70OKEHaAzHUpmjFRzH13gbZ7j27oS7jSe23xElPffst2/U5QJq70V/psYHCQ==",
      "requires": {
        "@jscad/csg": "0.7.0",
        "@jscad/io-utils": "^0.1.3"
      }
    },
    "@jscad/obj-deserializer": {
      "version": "0.2.3",
      "resolved": "https://registry.npmjs.org/@jscad/obj-deserializer/-/obj-deserializer-0.2.3.tgz",
      "integrity": "sha512-txwW8ESSz2WtwlcfVnr+S1IGPJLZt/QA1aXRNGqsYLacLyYN6EIWu4DEjmz6ebQ2KUgwHgiCE1l6bl+bJ+3NIA==",
      "requires": {
        "@jscad/csg": "^0.7.0"
      }
    },
    "@jscad/openscad-openjscad-translator": {
      "version": "0.0.11",
      "resolved": "https://registry.npmjs.org/@jscad/openscad-openjscad-translator/-/openscad-openjscad-translator-0.0.11.tgz",
      "integrity": "sha512-wnsIBsRaYJRxdhyUnglzf6SDBREjRyrOEKU9BRD+PudjcV5wy5PwB6quxWADilAPRO5fxnMJjNJ2vywR88oE5g==",
      "requires": {
        "@kaosat-dev/sylvester": "0.0.21",
        "lodash": "^4.17.4"
      }
    },
    "@jscad/stl-deserializer": {
      "version": "0.3.3",
      "resolved": "https://registry.npmjs.org/@jscad/stl-deserializer/-/stl-deserializer-0.3.3.tgz",
      "integrity": "sha512-k9uij49SX1S993qQVqbDFr4auU0uyd+qtRDf7muLBSzyP5h6Qip6Z9YjbED4lvzGKfnyh9PNE8IdaoZVgs1dAg==",
      "requires": {
        "@jscad/csg": "0.7.0",
        "@jscad/io-utils": "^0.1.3"
      }
    },
    "@jscad/stl-serializer": {
      "version": "0.1.3",
      "resolved": "https://registry.npmjs.org/@jscad/stl-serializer/-/stl-serializer-0.1.3.tgz",
      "integrity": "sha512-Zdrluf82TnBL6hHm28DfQGpjHHuN69XONH8SYwF0x3gnr5q+281erj+NRgH5odHYuxmetVNgoT5G1c654cIJag==",
      "requires": {
        "@jscad/io-utils": "^0.1.3"
      }
    },
    "@jscad/svg-deserializer": {
      "version": "0.4.3",
      "resolved": "https://registry.npmjs.org/@jscad/svg-deserializer/-/svg-deserializer-0.4.3.tgz",
      "integrity": "sha512-kN8Ug8BbT1JLJGEl+QB3j+Olj3MOEN+XC9yTHpWaYdmwAGQ0/ULEmUkbse4xHhnEgIjYLO3fPZe3xWSkedPNxg==",
      "requires": {
        "@jscad/csg": "0.7.0",
        "sax": "1.2.4"
      }
    },
    "@jscad/svg-serializer": {
      "version": "0.1.3",
      "resolved": "https://registry.npmjs.org/@jscad/svg-serializer/-/svg-serializer-0.1.3.tgz",
      "integrity": "sha512-2ToKwVmVyNk9XD9WHm2QhbBI9LAQdfPxhCCOp13YNmXV8Ebl44V+IoIVzYdfcQuX1tSLOX7UPsL+zEcoQuVBbw==",
      "requires": {
        "@jscad/csg": "0.7.0",
        "onml": "^0.4.1"
      }
    },
    "@jscad/x3d-serializer": {
      "version": "0.1.2",
      "resolved": "https://registry.npmjs.org/@jscad/x3d-serializer/-/x3d-serializer-0.1.2.tgz",
      "integrity": "sha512-kIkB+1CasHOClgxslKLPvgr+z93Go9luvZlFyz+leWtpJt07BPcEzaQQDap5E7HL3EUgorIeythx3+CvLntPZg==",
      "requires": {
        "@jscad/io-utils": "^0.1.3",
        "xmldom": "^0.1.27"
      }
    },
    "@kaosat-dev/sylvester": {
      "version": "0.0.21",
      "resolved": "https://registry.npmjs.org/@kaosat-dev/sylvester/-/sylvester-0.0.21.tgz",
      "integrity": "sha512-a/z8DU57XFW8d8Kd9jWbDU55W54BDcXmXJeg+dFZ4AoQYji41EjJY+Cw1v+5HG03mKkjzNNCSid/pa861gMpHQ=="
    },
    "ansi-regex": {
      "version": "4.1.0",
      "resolved": "https://registry.npmjs.org/ansi-regex/-/ansi-regex-4.1.0.tgz",
      "integrity": "sha512-1apePfXM1UOSqw0o9IiFAovVz9M5S1Dg+4TrDwfMewQ6p/rmMueb7tWZjQ1rx4Loy1ArBggoqGpfqqdI4rondg=="
    },
    "ansi-styles": {
      "version": "3.2.1",
      "resolved": "https://registry.npmjs.org/ansi-styles/-/ansi-styles-3.2.1.tgz",
      "integrity": "sha512-VT0ZI6kZRdTh8YyJw3SMbYm/u+NqfsAxEpWO0Pf9sq8/e94WxxOpPKx9FR1FlyCtOVDNOQ+8ntlqFxiRc+r5qA==",
      "requires": {
        "color-convert": "^1.9.0"
      }
    },
    "astring": {
      "version": "1.4.3",
      "resolved": "https://registry.npmjs.org/astring/-/astring-1.4.3.tgz",
      "integrity": "sha512-yJlJU/bmN820vL+cbWShu2YQU87dBP5V7BH2N4wODapRv27A2dZtUD0LgjP9lZENvPe9XRoSyWx+pZR6qKqNBw=="
    },
    "camelcase": {
      "version": "5.3.1",
      "resolved": "https://registry.npmjs.org/camelcase/-/camelcase-5.3.1.tgz",
      "integrity": "sha512-L28STB170nwWS63UjtlEOE3dldQApaJXZkOI1uMFfzf3rRuPegHaHesyee+YxQ+W6SvRDQV6UrdOdRiR153wJg=="
    },
    "cliui": {
      "version": "5.0.0",
      "resolved": "https://registry.npmjs.org/cliui/-/cliui-5.0.0.tgz",
      "integrity": "sha512-PYeGSEmmHM6zvoef2w8TPzlrnNpXIjTipYK780YswmIP9vjxmd6Y2a3CB2Ks6/AU8NHjZugXvo8w3oWM2qnwXA==",
      "requires": {
        "string-width": "^3.1.0",
        "strip-ansi": "^5.2.0",
        "wrap-ansi": "^5.1.0"
      }
    },
    "color-convert": {
      "version": "1.9.3",
      "resolved": "https://registry.npmjs.org/color-convert/-/color-convert-1.9.3.tgz",
      "integrity": "sha512-QfAUtd+vFdAtFQcC8CCyYt1fYWxSqAiK2cSD6zDB8N3cpsEBAvRxp9zOGg6G/SHHJYAT88/az/IuDGALsNVbGg==",
      "requires": {
        "color-name": "1.1.3"
      }
    },
    "color-name": {
      "version": "1.1.3",
      "resolved": "https://registry.npmjs.org/color-name/-/color-name-1.1.3.tgz",
      "integrity": "sha1-p9BVi9icQveV3UIyj3QIMcpTvCU="
    },
    "decamelize": {
      "version": "1.2.0",
      "resolved": "https://registry.npmjs.org/decamelize/-/decamelize-1.2.0.tgz",
      "integrity": "sha1-9lNNFRSCabIDUue+4m9QH5oZEpA="
    },
    "emoji-regex": {
      "version": "7.0.3",
      "resolved": "https://registry.npmjs.org/emoji-regex/-/emoji-regex-7.0.3.tgz",
      "integrity": "sha512-CwBLREIQ7LvYFB0WyRvwhq5N5qPhc6PMjD6bYggFlI5YyDgl+0vxq5VHbMOFqLg7hfWzmu8T5Z1QofhmTIhItA=="
    },
    "esprima": {
      "version": "3.1.3",
      "resolved": "https://registry.npmjs.org/esprima/-/esprima-3.1.3.tgz",
      "integrity": "sha1-/cpRzuYTOJXjyI1TXOSdv/YqRjM="
    },
    "estraverse": {
      "version": "4.3.0",
      "resolved": "https://registry.npmjs.org/estraverse/-/estraverse-4.3.0.tgz",
      "integrity": "sha512-39nnKffWz8xN1BU/2c79n9nB9HDzo0niYUqx6xyqUnyoAnQyyWpOTdZEeiCch8BBu515t4wp9ZmgVfVhn9EBpw=="
    },
    "find-up": {
      "version": "3.0.0",
      "resolved": "https://registry.npmjs.org/find-up/-/find-up-3.0.0.tgz",
      "integrity": "sha512-1yD6RmLI1XBfxugvORwlck6f75tYL+iR0jqwsOrOxMZyGYqUuDhJ0l4AXdO1iX/FTs9cBAMEk1gWSEx1kSbylg==",
      "requires": {
        "locate-path": "^3.0.0"
      }
    },
    "get-caller-file": {
      "version": "2.0.5",
      "resolved": "https://registry.npmjs.org/get-caller-file/-/get-caller-file-2.0.5.tgz",
      "integrity": "sha512-DyFP3BM/3YHTQOCUL/w0OZHR0lpKeGrxotcHWcqNEdnltqFwXVfhEBQ94eIo34AfQpo0rGki4cyIiftY06h2Fg=="
    },
    "is-fullwidth-code-point": {
      "version": "2.0.0",
      "resolved": "https://registry.npmjs.org/is-fullwidth-code-point/-/is-fullwidth-code-point-2.0.0.tgz",
      "integrity": "sha1-o7MKXE8ZkYMWeqq5O+764937ZU8="
    },
    "locate-path": {
      "version": "3.0.0",
      "resolved": "https://registry.npmjs.org/locate-path/-/locate-path-3.0.0.tgz",
      "integrity": "sha512-7AO748wWnIhNqAuaty2ZWHkQHRSNfPVIsPIfwEOWO22AmaoVrWavlOcMR5nzTLNYvp36X220/maaRsrec1G65A==",
      "requires": {
        "p-locate": "^3.0.0",
        "path-exists": "^3.0.0"
      }
    },
    "lodash": {
      "version": "4.17.15",
      "resolved": "https://registry.npmjs.org/lodash/-/lodash-4.17.15.tgz",
      "integrity": "sha512-8xOcRHvCjnocdS5cpwXQXVzmmh5e5+saE2QGoeQmbKmRS6J3VQppPOIt0MnmE+4xlZoumy0GPG0D0MVIQbNA1A=="
    },
    "onml": {
      "version": "0.4.5",
      "resolved": "https://registry.npmjs.org/onml/-/onml-0.4.5.tgz",
      "integrity": "sha512-57s3RgVQZa7fGpPFqnJ/AreTQQMZVmHLNCmwAvV0LD4vacPhiWN+ggFvChzpGWNQ/tkCn5W1omJtbcjaukAFJA==",
      "requires": {
        "sax": "^1.2.1"
      }
    },
    "p-limit": {
      "version": "2.2.1",
      "resolved": "https://registry.npmjs.org/p-limit/-/p-limit-2.2.1.tgz",
      "integrity": "sha512-85Tk+90UCVWvbDavCLKPOLC9vvY8OwEX/RtKF+/1OADJMVlFfEHOiMTPVyxg7mk/dKa+ipdHm0OUkTvCpMTuwg==",
      "requires": {
        "p-try": "^2.0.0"
      }
    },
    "p-locate": {
      "version": "3.0.0",
      "resolved": "https://registry.npmjs.org/p-locate/-/p-locate-3.0.0.tgz",
      "integrity": "sha512-x+12w/To+4GFfgJhBEpiDcLozRJGegY+Ei7/z0tSLkMmxGZNybVMSfWj9aJn8Z5Fc7dBUNJOOVgPv2H7IwulSQ==",
      "requires": {
        "p-limit": "^2.0.0"
      }
    },
    "p-try": {
      "version": "2.2.0",
      "resolved": "https://registry.npmjs.org/p-try/-/p-try-2.2.0.tgz",
      "integrity": "sha512-R4nPAVTAU0B9D35/Gk3uJf/7XYbQcyohSKdvAxIRSNghFl4e71hVoGnBNQz9cWaXxO2I10KTC+3jMdvvoKw6dQ=="
    },
    "path-exists": {
      "version": "3.0.0",
      "resolved": "https://registry.npmjs.org/path-exists/-/path-exists-3.0.0.tgz",
      "integrity": "sha1-zg6+ql94yxiSXqfYENe1mwEP1RU="
    },
    "require-directory": {
      "version": "2.1.1",
      "resolved": "https://registry.npmjs.org/require-directory/-/require-directory-2.1.1.tgz",
      "integrity": "sha1-jGStX9MNqxyXbiNE/+f3kqam30I="
    },
    "require-from-string": {
      "version": "2.0.2",
      "resolved": "https://registry.npmjs.org/require-from-string/-/require-from-string-2.0.2.tgz",
      "integrity": "sha512-Xf0nWe6RseziFMu+Ap9biiUbmplq6S9/p+7w7YXP/JBHhrUDDUhwa+vANyubuqfZWTveU//DYVGsDG7RKL/vEw=="
    },
    "require-main-filename": {
      "version": "2.0.0",
      "resolved": "https://registry.npmjs.org/require-main-filename/-/require-main-filename-2.0.0.tgz",
      "integrity": "sha512-NKN5kMDylKuldxYLSUfrbo5Tuzh4hd+2E8NPPX02mZtn1VuREQToYe/ZdlJy+J3uCpfaiGF05e7B8W0iXbQHmg=="
    },
    "sax": {
      "version": "1.2.4",
      "resolved": "https://registry.npmjs.org/sax/-/sax-1.2.4.tgz",
      "integrity": "sha512-NqVDv9TpANUjFm0N8uM5GxL36UgKi9/atZw+x7YFnQ8ckwFGKrl4xX4yWtrey3UJm5nP1kUbnYgLopqWNSRhWw=="
    },
    "set-blocking": {
      "version": "2.0.0",
      "resolved": "https://registry.npmjs.org/set-blocking/-/set-blocking-2.0.0.tgz",
      "integrity": "sha1-BF+XgtARrppoA93TgrJDkrPYkPc="
    },
    "string-width": {
      "version": "3.1.0",
      "resolved": "https://registry.npmjs.org/string-width/-/string-width-3.1.0.tgz",
      "integrity": "sha512-vafcv6KjVZKSgz06oM/H6GDBrAtz8vdhQakGjFIvNrHA6y3HCF1CInLy+QLq8dTJPQ1b+KDUqDFctkdRW44e1w==",
      "requires": {
        "emoji-regex": "^7.0.1",
        "is-fullwidth-code-point": "^2.0.0",
        "strip-ansi": "^5.1.0"
      }
    },
    "strip-ansi": {
      "version": "5.2.0",
      "resolved": "https://registry.npmjs.org/strip-ansi/-/strip-ansi-5.2.0.tgz",
      "integrity": "sha512-DuRs1gKbBqsMKIZlrffwlug8MHkcnpjs5VPmL1PAh+mA30U0DTotfDZ0d2UUsXpPmPmMMJ6W773MaA3J+lbiWA==",
      "requires": {
        "ansi-regex": "^4.1.0"
      }
    },
    "strip-bom": {
      "version": "3.0.0",
      "resolved": "https://registry.npmjs.org/strip-bom/-/strip-bom-3.0.0.tgz",
      "integrity": "sha1-IzTBjpx1n3vdVv3vfprj1YjmjtM="
    },
    "webworkify": {
      "version": "1.5.0",
      "resolved": "https://registry.npmjs.org/webworkify/-/webworkify-1.5.0.tgz",
      "integrity": "sha512-AMcUeyXAhbACL8S2hqqdqOLqvJ8ylmIbNwUIqQujRSouf4+eUFaXbG6F1Rbu+srlJMmxQWsiU7mOJi0nMBfM1g=="
    },
    "which-module": {
      "version": "2.0.0",
      "resolved": "https://registry.npmjs.org/which-module/-/which-module-2.0.0.tgz",
      "integrity": "sha1-2e8H3Od7mQK4o6j6SzHD4/fm6Ho="
    },
    "wrap-ansi": {
      "version": "5.1.0",
      "resolved": "https://registry.npmjs.org/wrap-ansi/-/wrap-ansi-5.1.0.tgz",
      "integrity": "sha512-QC1/iN/2/RPVJ5jYK8BGttj5z83LmSKmvbvrXPNCLZSEb32KKVDJDl/MOt2N01qU2H/FkzEa9PKto1BqDjtd7Q==",
      "requires": {
        "ansi-styles": "^3.2.0",
        "string-width": "^3.0.0",
        "strip-ansi": "^5.0.0"
      }
    },
    "xmldom": {
      "version": "0.1.27",
      "resolved": "https://registry.npmjs.org/xmldom/-/xmldom-0.1.27.tgz",
      "integrity": "sha1-1QH5ezvbQDr4757MIFcxh6rawOk="
    },
    "y18n": {
      "version": "4.0.0",
      "resolved": "https://registry.npmjs.org/y18n/-/y18n-4.0.0.tgz",
      "integrity": "sha512-r9S/ZyXu/Xu9q1tYlpsLIsa3EeLXXk0VwlxqTcFRfg9EhMW+17kbt9G0NrgCmhGb5vT2hyhJZLfDGx+7+5Uj/w=="
    },
    "yargs": {
      "version": "14.2.0",
      "resolved": "https://registry.npmjs.org/yargs/-/yargs-14.2.0.tgz",
      "integrity": "sha512-/is78VKbKs70bVZH7w4YaZea6xcJWOAwkhbR0CFuZBmYtfTYF0xjGJF43AYd8g2Uii1yJwmS5GR2vBmrc32sbg==",
      "requires": {
        "cliui": "^5.0.0",
        "decamelize": "^1.2.0",
        "find-up": "^3.0.0",
        "get-caller-file": "^2.0.1",
        "require-directory": "^2.1.1",
        "require-main-filename": "^2.0.0",
        "set-blocking": "^2.0.0",
        "string-width": "^3.0.0",
        "which-module": "^2.0.0",
        "y18n": "^4.0.0",
        "yargs-parser": "^15.0.0"
      }
    },
    "yargs-parser": {
      "version": "15.0.0",
      "resolved": "https://registry.npmjs.org/yargs-parser/-/yargs-parser-15.0.0.tgz",
      "integrity": "sha512-xLTUnCMc4JhxrPEPUYD5IBR1mWCK/aT6+RJ/K29JY2y1vD+FhtgKK0AXRWvI262q3QSffAQuTouFIKUuHX89wQ==",
      "requires": {
        "camelcase": "^5.0.0",
        "decamelize": "^1.2.0"
      }
    }
  }
}
